{
  "object": {
    "pins": [
      {
        "package": "CommandRegistry",
        "repositoryURL": "/Users/enekoalonso/dev/eneko/CommandRegistry",
        "state": {
          "branch": "master",
          "revision": "236d314111dde7f868daa1d1c7254950110466e9",
          "version": null
        }
      },
      {
        "package": "Logger",
        "repositoryURL": "https://github.com/eneko/Logger.git",
        "state": {
          "branch": null,
          "revision": "146a17c68a442859ec409b2ae1a23d1913d48c5d",
          "version": "0.0.2"
        }
      },
      {
        "package": "SwiftPM",
        "repositoryURL": "https://github.com/apple/swift-package-manager.git",
        "state": {
          "branch": null,
          "revision": "235aacc514cb81a6881364b0fedcb3dd083228f3",
          "version": "0.3.0"
        }
      }
    ]
  },
  "version": 1
}
